
Microsoft Visual Studio Solution File, Format Version 12.00
Project("{FAE04EC0-301F-11D3-BF4B-00C04F79EFBC}") = "MadoodaPlugin", "MadoodaPlugin.csproj", "{4DF5BD32-AC80-4013-87FF-1602A019A9CE}"
EndProject
Global
	GlobalSection(SolutionConfigurationPlatforms) = preSolution
		Debug|Any CPU = Debug|Any CPU
		Release|Any CPU = Release|Any CPU
	EndGlobalSection
	GlobalSection(ProjectConfigurationPlatforms) = postSolution
		{4DF5BD32-AC80-4013-87FF-1602A019A9CE}.Debug|Any CPU.ActiveCfg = Debug|Any CPU
		{4DF5BD32-AC80-4013-87FF-1602A019A9CE}.Debug|Any CPU.Build.0 = Debug|Any CPU
		{4DF5BD32-AC80-4013-87FF-1602A019A9CE}.Release|Any CPU.ActiveCfg = Release|Any CPU
		{4DF5BD32-AC80-4013-87FF-1602A019A9CE}.Release|Any CPU.Build.0 = Release|Any CPU
	EndGlobalSection
EndGlobal
